// !$*UTF8*$!
{
	archiveVersion = 1;
	classes = {
	};
	objectVersion = 56;
	objects = {

/* Begin PBXBuildFile section */
		F916676A2B28EBB40089221B /* ClipsList.swift in Sources */ = {isa = PBXBuildFile; fileRef = F91667692B28EBB40089221B /* ClipsList.swift */; };
		F916676C2B28EBDE0089221B /* ClipRow.swift in Sources */ = {isa = PBXBuildFile; fileRef = F916676B2B28EBDE0089221B /* ClipRow.swift */; };
		F91C3AB82B23430800136510 /* AppMenuViewModel.swift in Sources */ = {isa = PBXBuildFile; fileRef = F91C3AB72B23430800136510 /* AppMenuViewModel.swift */; };
		F91C3ABC2B23940600136510 /* String.swift in Sources */ = {isa = PBXBuildFile; fileRef = F91C3ABB2B23940600136510 /* String.swift */; };
		F93A80DD2B1932F500F45228 /* ClipRepository.swift in Sources */ = {isa = PBXBuildFile; fileRef = F93A80DC2B1932F500F45228 /* ClipRepository.swift */; };
		F93AB6912B2B4CBE00629966 /* Results.swift in Sources */ = {isa = PBXBuildFile; fileRef = F93AB6902B2B4CBE00629966 /* Results.swift */; };
		F93AB6932B2CF98300629966 /* ClipManager.swift in Sources */ = {isa = PBXBuildFile; fileRef = F93AB6922B2CF98300629966 /* ClipManager.swift */; };
		F95F5E4E2B1AB38900D21C49 /* Date.swift in Sources */ = {isa = PBXBuildFile; fileRef = F95F5E4D2B1AB38900D21C49 /* Date.swift */; };
		F95F5E502B1BC4FC00D21C49 /* .swiftlint.yml in Resources */ = {isa = PBXBuildFile; fileRef = F95F5E4F2B1BC4FC00D21C49 /* .swiftlint.yml */; };
		F9608C552B67166400FFC2E9 /* LaunchAtLogin in Frameworks */ = {isa = PBXBuildFile; productRef = F9608C542B67166400FFC2E9 /* LaunchAtLogin */; };
		F96742A62B5C9BD100DCA693 /* AboutView.swift in Sources */ = {isa = PBXBuildFile; fileRef = F96742A52B5C9BD100DCA693 /* AboutView.swift */; };
		F96742A82B5C9EA100DCA693 /* Bundle.swift in Sources */ = {isa = PBXBuildFile; fileRef = F96742A72B5C9EA100DCA693 /* Bundle.swift */; };
		F9AD9C132B169AF400123E7E /* Clip.swift in Sources */ = {isa = PBXBuildFile; fileRef = F9AD9C122B169AF400123E7E /* Clip.swift */; };
		F9C4D9D12B13ECB900E153AC /* AppMenu.swift in Sources */ = {isa = PBXBuildFile; fileRef = F9C4D9D02B13ECB900E153AC /* AppMenu.swift */; };
		F9C4D9D32B13F33F00E153AC /* CopyListener.swift in Sources */ = {isa = PBXBuildFile; fileRef = F9C4D9D22B13F33F00E153AC /* CopyListener.swift */; };
		F9C4D9D52B14124E00E153AC /* AppDelegate.swift in Sources */ = {isa = PBXBuildFile; fileRef = F9C4D9D42B14124E00E153AC /* AppDelegate.swift */; };
		F9D8E01E2B153BBF005CEEDD /* Realm in Frameworks */ = {isa = PBXBuildFile; productRef = F9D8E01D2B153BBF005CEEDD /* Realm */; };
		F9D8E0202B153BBF005CEEDD /* RealmSwift in Frameworks */ = {isa = PBXBuildFile; productRef = F9D8E01F2B153BBF005CEEDD /* RealmSwift */; };
		F9D8E0252B15504B005CEEDD /* Realm.swift in Sources */ = {isa = PBXBuildFile; fileRef = F9D8E0242B15504B005CEEDD /* Realm.swift */; };
		F9DDD8492B3761FC00739BF8 /* Data.swift in Sources */ = {isa = PBXBuildFile; fileRef = F9DDD8482B3761FC00739BF8 /* Data.swift */; };
		F9DDD8642B48CF5000739BF8 /* KeyboardShortcuts in Frameworks */ = {isa = PBXBuildFile; productRef = F9DDD8632B48CF5000739BF8 /* KeyboardShortcuts */; };
		F9DDD8662B48D33400739BF8 /* KeyboardShortcuts.swift in Sources */ = {isa = PBXBuildFile; fileRef = F9DDD8652B48D33400739BF8 /* KeyboardShortcuts.swift */; };
		F9DDD8682B4B196400739BF8 /* PasteManager.swift in Sources */ = {isa = PBXBuildFile; fileRef = F9DDD8672B4B196400739BF8 /* PasteManager.swift */; };
		F9DDD86A2B4E018600739BF8 /* Constants.swift in Sources */ = {isa = PBXBuildFile; fileRef = F9DDD8692B4E018600739BF8 /* Constants.swift */; };
		F9DDD86C2B5200FE00739BF8 /* ShortcutEvent.swift in Sources */ = {isa = PBXBuildFile; fileRef = F9DDD86B2B5200FE00739BF8 /* ShortcutEvent.swift */; };
		F9DDD86F2B53047900739BF8 /* Sauce in Frameworks */ = {isa = PBXBuildFile; productRef = F9DDD86E2B53047900739BF8 /* Sauce */; };
		F9DE21372B1111C1007B1133 /* ClipyApp.swift in Sources */ = {isa = PBXBuildFile; fileRef = F9DE21362B1111C1007B1133 /* ClipyApp.swift */; };
		F9DE213B2B1111C2007B1133 /* Assets.xcassets in Resources */ = {isa = PBXBuildFile; fileRef = F9DE213A2B1111C2007B1133 /* Assets.xcassets */; };
		F9DE213E2B1111C2007B1133 /* Preview Assets.xcassets in Resources */ = {isa = PBXBuildFile; fileRef = F9DE213D2B1111C2007B1133 /* Preview Assets.xcassets */; };
		F9DE21492B1111C2007B1133 /* ClipyTests.swift in Sources */ = {isa = PBXBuildFile; fileRef = F9DE21482B1111C2007B1133 /* ClipyTests.swift */; };
		F9DE21532B1111C2007B1133 /* ClipyUITests.swift in Sources */ = {isa = PBXBuildFile; fileRef = F9DE21522B1111C2007B1133 /* ClipyUITests.swift */; };
		F9DE21552B1111C2007B1133 /* ClipyUITestsLaunchTests.swift in Sources */ = {isa = PBXBuildFile; fileRef = F9DE21542B1111C2007B1133 /* ClipyUITestsLaunchTests.swift */; };
		F9DE21622B11684B007B1133 /* SettingsView.swift in Sources */ = {isa = PBXBuildFile; fileRef = F9DE21612B11684B007B1133 /* SettingsView.swift */; };
		F9DE21642B116C8D007B1133 /* GeneralSettingsTabView.swift in Sources */ = {isa = PBXBuildFile; fileRef = F9DE21632B116C8D007B1133 /* GeneralSettingsTabView.swift */; };
		F9DE21662B1171D5007B1133 /* AppearanceSettingsTabView.swift in Sources */ = {isa = PBXBuildFile; fileRef = F9DE21652B1171D5007B1133 /* AppearanceSettingsTabView.swift */; };
/* End PBXBuildFile section */

/* Begin PBXContainerItemProxy section */
		F9DE21452B1111C2007B1133 /* PBXContainerItemProxy */ = {
			isa = PBXContainerItemProxy;
			containerPortal = F9DE212B2B1111C1007B1133 /* Project object */;
			proxyType = 1;
			remoteGlobalIDString = F9DE21322B1111C1007B1133;
			remoteInfo = Clipy;
		};
		F9DE214F2B1111C2007B1133 /* PBXContainerItemProxy */ = {
			isa = PBXContainerItemProxy;
			containerPortal = F9DE212B2B1111C1007B1133 /* Project object */;
			proxyType = 1;
			remoteGlobalIDString = F9DE21322B1111C1007B1133;
			remoteInfo = Clipy;
		};
/* End PBXContainerItemProxy section */

/* Begin PBXFileReference section */
		F91667692B28EBB40089221B /* ClipsList.swift */ = {isa = PBXFileReference; lastKnownFileType = sourcecode.swift; path = ClipsList.swift; sourceTree = "<group>"; };
		F916676B2B28EBDE0089221B /* ClipRow.swift */ = {isa = PBXFileReference; lastKnownFileType = sourcecode.swift; path = ClipRow.swift; sourceTree = "<group>"; };
		F91C3AB72B23430800136510 /* AppMenuViewModel.swift */ = {isa = PBXFileReference; lastKnownFileType = sourcecode.swift; path = AppMenuViewModel.swift; sourceTree = "<group>"; };
		F91C3ABB2B23940600136510 /* String.swift */ = {isa = PBXFileReference; lastKnownFileType = sourcecode.swift; path = String.swift; sourceTree = "<group>"; };
		F93A80DC2B1932F500F45228 /* ClipRepository.swift */ = {isa = PBXFileReference; lastKnownFileType = sourcecode.swift; path = ClipRepository.swift; sourceTree = "<group>"; };
		F93AB6902B2B4CBE00629966 /* Results.swift */ = {isa = PBXFileReference; lastKnownFileType = sourcecode.swift; path = Results.swift; sourceTree = "<group>"; };
		F93AB6922B2CF98300629966 /* ClipManager.swift */ = {isa = PBXFileReference; lastKnownFileType = sourcecode.swift; path = ClipManager.swift; sourceTree = "<group>"; };
		F95F5E4D2B1AB38900D21C49 /* Date.swift */ = {isa = PBXFileReference; lastKnownFileType = sourcecode.swift; path = Date.swift; sourceTree = "<group>"; };
		F95F5E4F2B1BC4FC00D21C49 /* .swiftlint.yml */ = {isa = PBXFileReference; fileEncoding = 4; lastKnownFileType = text.yaml; path = .swiftlint.yml; sourceTree = "<group>"; };
		F96742A52B5C9BD100DCA693 /* AboutView.swift */ = {isa = PBXFileReference; lastKnownFileType = sourcecode.swift; path = AboutView.swift; sourceTree = "<group>"; };
		F96742A72B5C9EA100DCA693 /* Bundle.swift */ = {isa = PBXFileReference; lastKnownFileType = sourcecode.swift; path = Bundle.swift; sourceTree = "<group>"; };
		F9AD9C122B169AF400123E7E /* Clip.swift */ = {isa = PBXFileReference; lastKnownFileType = sourcecode.swift; path = Clip.swift; sourceTree = "<group>"; };
		F9C4D9D02B13ECB900E153AC /* AppMenu.swift */ = {isa = PBXFileReference; lastKnownFileType = sourcecode.swift; path = AppMenu.swift; sourceTree = "<group>"; };
		F9C4D9D22B13F33F00E153AC /* CopyListener.swift */ = {isa = PBXFileReference; lastKnownFileType = sourcecode.swift; path = CopyListener.swift; sourceTree = "<group>"; };
		F9C4D9D42B14124E00E153AC /* AppDelegate.swift */ = {isa = PBXFileReference; lastKnownFileType = sourcecode.swift; path = AppDelegate.swift; sourceTree = "<group>"; };
		F9D8E0242B15504B005CEEDD /* Realm.swift */ = {isa = PBXFileReference; lastKnownFileType = sourcecode.swift; path = Realm.swift; sourceTree = "<group>"; };
		F9DDD8482B3761FC00739BF8 /* Data.swift */ = {isa = PBXFileReference; lastKnownFileType = sourcecode.swift; path = Data.swift; sourceTree = "<group>"; };
		F9DDD8652B48D33400739BF8 /* KeyboardShortcuts.swift */ = {isa = PBXFileReference; lastKnownFileType = sourcecode.swift; path = KeyboardShortcuts.swift; sourceTree = "<group>"; };
		F9DDD8672B4B196400739BF8 /* PasteManager.swift */ = {isa = PBXFileReference; lastKnownFileType = sourcecode.swift; path = PasteManager.swift; sourceTree = "<group>"; };
		F9DDD8692B4E018600739BF8 /* Constants.swift */ = {isa = PBXFileReference; lastKnownFileType = sourcecode.swift; path = Constants.swift; sourceTree = "<group>"; };
		F9DDD86B2B5200FE00739BF8 /* ShortcutEvent.swift */ = {isa = PBXFileReference; lastKnownFileType = sourcecode.swift; path = ShortcutEvent.swift; sourceTree = "<group>"; };
		F9DE21332B1111C1007B1133 /* Clipy.app */ = {isa = PBXFileReference; explicitFileType = wrapper.application; includeInIndex = 0; path = Clipy.app; sourceTree = BUILT_PRODUCTS_DIR; };
		F9DE21362B1111C1007B1133 /* ClipyApp.swift */ = {isa = PBXFileReference; lastKnownFileType = sourcecode.swift; path = ClipyApp.swift; sourceTree = "<group>"; };
		F9DE213A2B1111C2007B1133 /* Assets.xcassets */ = {isa = PBXFileReference; lastKnownFileType = folder.assetcatalog; path = Assets.xcassets; sourceTree = "<group>"; };
		F9DE213D2B1111C2007B1133 /* Preview Assets.xcassets */ = {isa = PBXFileReference; lastKnownFileType = folder.assetcatalog; path = "Preview Assets.xcassets"; sourceTree = "<group>"; };
		F9DE213F2B1111C2007B1133 /* Clipy.entitlements */ = {isa = PBXFileReference; lastKnownFileType = text.plist.entitlements; path = Clipy.entitlements; sourceTree = "<group>"; };
		F9DE21442B1111C2007B1133 /* ClipyTests.xctest */ = {isa = PBXFileReference; explicitFileType = wrapper.cfbundle; includeInIndex = 0; path = ClipyTests.xctest; sourceTree = BUILT_PRODUCTS_DIR; };
		F9DE21482B1111C2007B1133 /* ClipyTests.swift */ = {isa = PBXFileReference; lastKnownFileType = sourcecode.swift; path = ClipyTests.swift; sourceTree = "<group>"; };
		F9DE214E2B1111C2007B1133 /* ClipyUITests.xctest */ = {isa = PBXFileReference; explicitFileType = wrapper.cfbundle; includeInIndex = 0; path = ClipyUITests.xctest; sourceTree = BUILT_PRODUCTS_DIR; };
		F9DE21522B1111C2007B1133 /* ClipyUITests.swift */ = {isa = PBXFileReference; lastKnownFileType = sourcecode.swift; path = ClipyUITests.swift; sourceTree = "<group>"; };
		F9DE21542B1111C2007B1133 /* ClipyUITestsLaunchTests.swift */ = {isa = PBXFileReference; lastKnownFileType = sourcecode.swift; path = ClipyUITestsLaunchTests.swift; sourceTree = "<group>"; };
		F9DE21612B11684B007B1133 /* SettingsView.swift */ = {isa = PBXFileReference; lastKnownFileType = sourcecode.swift; path = SettingsView.swift; sourceTree = "<group>"; };
		F9DE21632B116C8D007B1133 /* GeneralSettingsTabView.swift */ = {isa = PBXFileReference; lastKnownFileType = sourcecode.swift; path = GeneralSettingsTabView.swift; sourceTree = "<group>"; };
		F9DE21652B1171D5007B1133 /* AppearanceSettingsTabView.swift */ = {isa = PBXFileReference; lastKnownFileType = sourcecode.swift; path = AppearanceSettingsTabView.swift; sourceTree = "<group>"; };
/* End PBXFileReference section */

/* Begin PBXFrameworksBuildPhase section */
		F9DE21302B1111C1007B1133 /* Frameworks */ = {
			isa = PBXFrameworksBuildPhase;
			buildActionMask = 2147483647;
			files = (
				F9D8E0202B153BBF005CEEDD /* RealmSwift in Frameworks */,
				F9D8E01E2B153BBF005CEEDD /* Realm in Frameworks */,
				F9DDD86F2B53047900739BF8 /* Sauce in Frameworks */,
				F9608C552B67166400FFC2E9 /* LaunchAtLogin in Frameworks */,
				F9DDD8642B48CF5000739BF8 /* KeyboardShortcuts in Frameworks */,
			);
			runOnlyForDeploymentPostprocessing = 0;
		};
		F9DE21412B1111C2007B1133 /* Frameworks */ = {
			isa = PBXFrameworksBuildPhase;
			buildActionMask = 2147483647;
			files = (
			);
			runOnlyForDeploymentPostprocessing = 0;
		};
		F9DE214B2B1111C2007B1133 /* Frameworks */ = {
			isa = PBXFrameworksBuildPhase;
			buildActionMask = 2147483647;
			files = (
			);
			runOnlyForDeploymentPostprocessing = 0;
		};
/* End PBXFrameworksBuildPhase section */

/* Begin PBXGroup section */
		F93A80DB2B1932DE00F45228 /* Repositories */ = {
			isa = PBXGroup;
			children = (
				F93A80DC2B1932F500F45228 /* ClipRepository.swift */,
			);
			path = Repositories;
			sourceTree = "<group>";
		};
		F95F5E4C2B1AB12200D21C49 /* Extensions */ = {
			isa = PBXGroup;
			children = (
				F95F5E4D2B1AB38900D21C49 /* Date.swift */,
				F91C3ABB2B23940600136510 /* String.swift */,
				F93AB6902B2B4CBE00629966 /* Results.swift */,
				F9DDD8482B3761FC00739BF8 /* Data.swift */,
				F9DDD8652B48D33400739BF8 /* KeyboardShortcuts.swift */,
				F96742A72B5C9EA100DCA693 /* Bundle.swift */,
			);
			path = Extensions;
			sourceTree = "<group>";
		};
		F95F5E512B1D44AF00D21C49 /* Services */ = {
			isa = PBXGroup;
			children = (
				F983C1DE2B13C74A00D7282E /* Listeners */,
				F93AB6922B2CF98300629966 /* ClipManager.swift */,
				F9DDD8672B4B196400739BF8 /* PasteManager.swift */,
			);
			path = Services;
			sourceTree = "<group>";
		};
		F983C1DE2B13C74A00D7282E /* Listeners */ = {
			isa = PBXGroup;
			children = (
				F9C4D9D22B13F33F00E153AC /* CopyListener.swift */,
				F9DDD86B2B5200FE00739BF8 /* ShortcutEvent.swift */,
			);
			path = Listeners;
			sourceTree = "<group>";
		};
		F9AD9C102B16927300123E7E /* Models */ = {
			isa = PBXGroup;
			children = (
				F9AD9C122B169AF400123E7E /* Clip.swift */,
			);
			path = Models;
			sourceTree = "<group>";
		};
		F9C4D9CD2B13E9A100E153AC /* Views */ = {
			isa = PBXGroup;
			children = (
				F9D8E0222B153FA6005CEEDD /* Settings */,
				F9D8E0212B153F6E005CEEDD /* Menubar */,
			);
			path = Views;
			sourceTree = "<group>";
		};
		F9D8E0212B153F6E005CEEDD /* Menubar */ = {
			isa = PBXGroup;
			children = (
				F9C4D9D02B13ECB900E153AC /* AppMenu.swift */,
				F91C3AB72B23430800136510 /* AppMenuViewModel.swift */,
				F91667692B28EBB40089221B /* ClipsList.swift */,
				F916676B2B28EBDE0089221B /* ClipRow.swift */,
			);
			path = Menubar;
			sourceTree = "<group>";
		};
		F9D8E0222B153FA6005CEEDD /* Settings */ = {
			isa = PBXGroup;
			children = (
				F9DE21612B11684B007B1133 /* SettingsView.swift */,
				F9DE21632B116C8D007B1133 /* GeneralSettingsTabView.swift */,
				F9DE21652B1171D5007B1133 /* AppearanceSettingsTabView.swift */,
				F96742A52B5C9BD100DCA693 /* AboutView.swift */,
			);
			path = Settings;
			sourceTree = "<group>";
		};
		F9D8E0232B155035005CEEDD /* Config */ = {
			isa = PBXGroup;
			children = (
				F9D8E0242B15504B005CEEDD /* Realm.swift */,
				F9DDD8692B4E018600739BF8 /* Constants.swift */,
			);
			path = Config;
			sourceTree = "<group>";
		};
		F9DE212A2B1111C1007B1133 = {
			isa = PBXGroup;
			children = (
				F9DE21352B1111C1007B1133 /* Clipy */,
				F9DE21472B1111C2007B1133 /* ClipyTests */,
				F9DE21512B1111C2007B1133 /* ClipyUITests */,
				F95F5E4F2B1BC4FC00D21C49 /* .swiftlint.yml */,
				F9DE21342B1111C1007B1133 /* Products */,
			);
			sourceTree = "<group>";
		};
		F9DE21342B1111C1007B1133 /* Products */ = {
			isa = PBXGroup;
			children = (
				F9DE21332B1111C1007B1133 /* Clipy.app */,
				F9DE21442B1111C2007B1133 /* ClipyTests.xctest */,
				F9DE214E2B1111C2007B1133 /* ClipyUITests.xctest */,
			);
			name = Products;
			sourceTree = "<group>";
		};
		F9DE21352B1111C1007B1133 /* Clipy */ = {
			isa = PBXGroup;
			children = (
				F9D8E0232B155035005CEEDD /* Config */,
				F95F5E4C2B1AB12200D21C49 /* Extensions */,
				F9AD9C102B16927300123E7E /* Models */,
				F93A80DB2B1932DE00F45228 /* Repositories */,
				F95F5E512B1D44AF00D21C49 /* Services */,
				F9C4D9CD2B13E9A100E153AC /* Views */,
				F9DE21362B1111C1007B1133 /* ClipyApp.swift */,
				F9C4D9D42B14124E00E153AC /* AppDelegate.swift */,
				F9DE213A2B1111C2007B1133 /* Assets.xcassets */,
				F9DE213F2B1111C2007B1133 /* Clipy.entitlements */,
				F9DE213C2B1111C2007B1133 /* Preview Content */,
			);
			path = Clipy;
			sourceTree = "<group>";
		};
		F9DE213C2B1111C2007B1133 /* Preview Content */ = {
			isa = PBXGroup;
			children = (
				F9DE213D2B1111C2007B1133 /* Preview Assets.xcassets */,
			);
			path = "Preview Content";
			sourceTree = "<group>";
		};
		F9DE21472B1111C2007B1133 /* ClipyTests */ = {
			isa = PBXGroup;
			children = (
				F9DE21482B1111C2007B1133 /* ClipyTests.swift */,
			);
			path = ClipyTests;
			sourceTree = "<group>";
		};
		F9DE21512B1111C2007B1133 /* ClipyUITests */ = {
			isa = PBXGroup;
			children = (
				F9DE21522B1111C2007B1133 /* ClipyUITests.swift */,
				F9DE21542B1111C2007B1133 /* ClipyUITestsLaunchTests.swift */,
			);
			path = ClipyUITests;
			sourceTree = "<group>";
		};
/* End PBXGroup section */

/* Begin PBXNativeTarget section */
		F9DE21322B1111C1007B1133 /* Clipy */ = {
			isa = PBXNativeTarget;
			buildConfigurationList = F9DE21582B1111C2007B1133 /* Build configuration list for PBXNativeTarget "Clipy" */;
			buildPhases = (
				F9DE212F2B1111C1007B1133 /* Sources */,
				F9DE21302B1111C1007B1133 /* Frameworks */,
				F9DE21312B1111C1007B1133 /* Resources */,
				F983C1E12B13CB4600D7282E /* ShellScript */,
			);
			buildRules = (
			);
			dependencies = (
			);
			name = Clipy;
			packageProductDependencies = (
				F9D8E01D2B153BBF005CEEDD /* Realm */,
				F9D8E01F2B153BBF005CEEDD /* RealmSwift */,
				F9DDD8632B48CF5000739BF8 /* KeyboardShortcuts */,
				F9DDD86E2B53047900739BF8 /* Sauce */,
				F9608C542B67166400FFC2E9 /* LaunchAtLogin */,
			);
			productName = Clipy;
			productReference = F9DE21332B1111C1007B1133 /* Clipy.app */;
			productType = "com.apple.product-type.application";
		};
		F9DE21432B1111C2007B1133 /* ClipyTests */ = {
			isa = PBXNativeTarget;
			buildConfigurationList = F9DE215B2B1111C2007B1133 /* Build configuration list for PBXNativeTarget "ClipyTests" */;
			buildPhases = (
				F9DE21402B1111C2007B1133 /* Sources */,
				F9DE21412B1111C2007B1133 /* Frameworks */,
				F9DE21422B1111C2007B1133 /* Resources */,
			);
			buildRules = (
			);
			dependencies = (
				F9DE21462B1111C2007B1133 /* PBXTargetDependency */,
			);
			name = ClipyTests;
			productName = ClipyTests;
			productReference = F9DE21442B1111C2007B1133 /* ClipyTests.xctest */;
			productType = "com.apple.product-type.bundle.unit-test";
		};
		F9DE214D2B1111C2007B1133 /* ClipyUITests */ = {
			isa = PBXNativeTarget;
			buildConfigurationList = F9DE215E2B1111C2007B1133 /* Build configuration list for PBXNativeTarget "ClipyUITests" */;
			buildPhases = (
				F9DE214A2B1111C2007B1133 /* Sources */,
				F9DE214B2B1111C2007B1133 /* Frameworks */,
				F9DE214C2B1111C2007B1133 /* Resources */,
			);
			buildRules = (
			);
			dependencies = (
				F9DE21502B1111C2007B1133 /* PBXTargetDependency */,
			);
			name = ClipyUITests;
			productName = ClipyUITests;
			productReference = F9DE214E2B1111C2007B1133 /* ClipyUITests.xctest */;
			productType = "com.apple.product-type.bundle.ui-testing";
		};
/* End PBXNativeTarget section */

/* Begin PBXProject section */
		F9DE212B2B1111C1007B1133 /* Project object */ = {
			isa = PBXProject;
			attributes = {
				BuildIndependentTargetsInParallel = 1;
				LastSwiftUpdateCheck = 1500;
				LastUpgradeCheck = 1500;
				TargetAttributes = {
					F9DE21322B1111C1007B1133 = {
						CreatedOnToolsVersion = 15.0.1;
					};
					F9DE21432B1111C2007B1133 = {
						CreatedOnToolsVersion = 15.0.1;
						TestTargetID = F9DE21322B1111C1007B1133;
					};
					F9DE214D2B1111C2007B1133 = {
						CreatedOnToolsVersion = 15.0.1;
						TestTargetID = F9DE21322B1111C1007B1133;
					};
				};
			};
			buildConfigurationList = F9DE212E2B1111C1007B1133 /* Build configuration list for PBXProject "Clipy" */;
			compatibilityVersion = "Xcode 14.0";
			developmentRegion = en;
			hasScannedForEncodings = 0;
			knownRegions = (
				en,
				Base,
			);
			mainGroup = F9DE212A2B1111C1007B1133;
			packageReferences = (
				F9D8E01C2B153BBF005CEEDD /* XCRemoteSwiftPackageReference "realm-swift" */,
				F9DDD8622B48CF5000739BF8 /* XCRemoteSwiftPackageReference "KeyboardShortcuts" */,
				F9DDD86D2B53047900739BF8 /* XCRemoteSwiftPackageReference "Sauce" */,
				F9608C532B67166400FFC2E9 /* XCRemoteSwiftPackageReference "LaunchAtLogin-Modern" */,
			);
			productRefGroup = F9DE21342B1111C1007B1133 /* Products */;
			projectDirPath = "";
			projectRoot = "";
			targets = (
				F9DE21322B1111C1007B1133 /* Clipy */,
				F9DE21432B1111C2007B1133 /* ClipyTests */,
				F9DE214D2B1111C2007B1133 /* ClipyUITests */,
			);
		};
/* End PBXProject section */

/* Begin PBXResourcesBuildPhase section */
		F9DE21312B1111C1007B1133 /* Resources */ = {
			isa = PBXResourcesBuildPhase;
			buildActionMask = 2147483647;
			files = (
				F95F5E502B1BC4FC00D21C49 /* .swiftlint.yml in Resources */,
				F9DE213E2B1111C2007B1133 /* Preview Assets.xcassets in Resources */,
				F9DE213B2B1111C2007B1133 /* Assets.xcassets in Resources */,
			);
			runOnlyForDeploymentPostprocessing = 0;
		};
		F9DE21422B1111C2007B1133 /* Resources */ = {
			isa = PBXResourcesBuildPhase;
			buildActionMask = 2147483647;
			files = (
			);
			runOnlyForDeploymentPostprocessing = 0;
		};
		F9DE214C2B1111C2007B1133 /* Resources */ = {
			isa = PBXResourcesBuildPhase;
			buildActionMask = 2147483647;
			files = (
			);
			runOnlyForDeploymentPostprocessing = 0;
		};
/* End PBXResourcesBuildPhase section */

/* Begin PBXShellScriptBuildPhase section */
		F983C1E12B13CB4600D7282E /* ShellScript */ = {
			isa = PBXShellScriptBuildPhase;
			alwaysOutOfDate = 1;
			buildActionMask = 2147483647;
			files = (
			);
			inputFileListPaths = (
			);
			inputPaths = (
			);
			outputFileListPaths = (
			);
			outputPaths = (
			);
			runOnlyForDeploymentPostprocessing = 0;
			shellPath = /bin/sh;
			shellScript = "# Adds support for Apple Silicon brew directory\nexport PATH=\"$PATH:/opt/homebrew/bin\"\n\nif which swiftlint >/dev/null; then\n  swiftlint\nelse\n  echo \"warning: SwiftLint not installed, download from https://github.com/realm/SwiftLint\"\nfi\n";
		};
/* End PBXShellScriptBuildPhase section */

/* Begin PBXSourcesBuildPhase section */
		F9DE212F2B1111C1007B1133 /* Sources */ = {
			isa = PBXSourcesBuildPhase;
			buildActionMask = 2147483647;
			files = (
				F9DDD86C2B5200FE00739BF8 /* ShortcutEvent.swift in Sources */,
				F96742A82B5C9EA100DCA693 /* Bundle.swift in Sources */,
				F9DDD8662B48D33400739BF8 /* KeyboardShortcuts.swift in Sources */,
				F9C4D9D32B13F33F00E153AC /* CopyListener.swift in Sources */,
				F916676A2B28EBB40089221B /* ClipsList.swift in Sources */,
				F9AD9C132B169AF400123E7E /* Clip.swift in Sources */,
				F9DE21642B116C8D007B1133 /* GeneralSettingsTabView.swift in Sources */,
				F9DE21622B11684B007B1133 /* SettingsView.swift in Sources */,
				F91C3ABC2B23940600136510 /* String.swift in Sources */,
				F9DE21372B1111C1007B1133 /* ClipyApp.swift in Sources */,
				F9DDD8492B3761FC00739BF8 /* Data.swift in Sources */,
				F9DDD8682B4B196400739BF8 /* PasteManager.swift in Sources */,
				F9C4D9D52B14124E00E153AC /* AppDelegate.swift in Sources */,
				F9DDD86A2B4E018600739BF8 /* Constants.swift in Sources */,
				F96742A62B5C9BD100DCA693 /* AboutView.swift in Sources */,
				F916676C2B28EBDE0089221B /* ClipRow.swift in Sources */,
				F9C4D9D12B13ECB900E153AC /* AppMenu.swift in Sources */,
				F93AB6912B2B4CBE00629966 /* Results.swift in Sources */,
				F91C3AB82B23430800136510 /* AppMenuViewModel.swift in Sources */,
				F93A80DD2B1932F500F45228 /* ClipRepository.swift in Sources */,
				F95F5E4E2B1AB38900D21C49 /* Date.swift in Sources */,
				F93AB6932B2CF98300629966 /* ClipManager.swift in Sources */,
				F9DE21662B1171D5007B1133 /* AppearanceSettingsTabView.swift in Sources */,
				F9D8E0252B15504B005CEEDD /* Realm.swift in Sources */,
			);
			runOnlyForDeploymentPostprocessing = 0;
		};
		F9DE21402B1111C2007B1133 /* Sources */ = {
			isa = PBXSourcesBuildPhase;
			buildActionMask = 2147483647;
			files = (
				F9DE21492B1111C2007B1133 /* ClipyTests.swift in Sources */,
			);
			runOnlyForDeploymentPostprocessing = 0;
		};
		F9DE214A2B1111C2007B1133 /* Sources */ = {
			isa = PBXSourcesBuildPhase;
			buildActionMask = 2147483647;
			files = (
				F9DE21552B1111C2007B1133 /* ClipyUITestsLaunchTests.swift in Sources */,
				F9DE21532B1111C2007B1133 /* ClipyUITests.swift in Sources */,
			);
			runOnlyForDeploymentPostprocessing = 0;
		};
/* End PBXSourcesBuildPhase section */

/* Begin PBXTargetDependency section */
		F9DE21462B1111C2007B1133 /* PBXTargetDependency */ = {
			isa = PBXTargetDependency;
			target = F9DE21322B1111C1007B1133 /* Clipy */;
			targetProxy = F9DE21452B1111C2007B1133 /* PBXContainerItemProxy */;
		};
		F9DE21502B1111C2007B1133 /* PBXTargetDependency */ = {
			isa = PBXTargetDependency;
			target = F9DE21322B1111C1007B1133 /* Clipy */;
			targetProxy = F9DE214F2B1111C2007B1133 /* PBXContainerItemProxy */;
		};
/* End PBXTargetDependency section */

/* Begin XCBuildConfiguration section */
		F9DE21562B1111C2007B1133 /* Debug */ = {
			isa = XCBuildConfiguration;
			buildSettings = {
				ALWAYS_SEARCH_USER_PATHS = NO;
				ASSETCATALOG_COMPILER_GENERATE_SWIFT_ASSET_SYMBOL_EXTENSIONS = YES;
				CLANG_ANALYZER_NONNULL = YES;
				CLANG_ANALYZER_NUMBER_OBJECT_CONVERSION = YES_AGGRESSIVE;
				CLANG_CXX_LANGUAGE_STANDARD = "gnu++20";
				CLANG_ENABLE_MODULES = YES;
				CLANG_ENABLE_OBJC_ARC = YES;
				CLANG_ENABLE_OBJC_WEAK = YES;
				CLANG_WARN_BLOCK_CAPTURE_AUTORELEASING = YES;
				CLANG_WARN_BOOL_CONVERSION = YES;
				CLANG_WARN_COMMA = YES;
				CLANG_WARN_CONSTANT_CONVERSION = YES;
				CLANG_WARN_DEPRECATED_OBJC_IMPLEMENTATIONS = YES;
				CLANG_WARN_DIRECT_OBJC_ISA_USAGE = YES_ERROR;
				CLANG_WARN_DOCUMENTATION_COMMENTS = YES;
				CLANG_WARN_EMPTY_BODY = YES;
				CLANG_WARN_ENUM_CONVERSION = YES;
				CLANG_WARN_INFINITE_RECURSION = YES;
				CLANG_WARN_INT_CONVERSION = YES;
				CLANG_WARN_NON_LITERAL_NULL_CONVERSION = YES;
				CLANG_WARN_OBJC_IMPLICIT_RETAIN_SELF = YES;
				CLANG_WARN_OBJC_LITERAL_CONVERSION = YES;
				CLANG_WARN_OBJC_ROOT_CLASS = YES_ERROR;
				CLANG_WARN_QUOTED_INCLUDE_IN_FRAMEWORK_HEADER = YES;
				CLANG_WARN_RANGE_LOOP_ANALYSIS = YES;
				CLANG_WARN_STRICT_PROTOTYPES = YES;
				CLANG_WARN_SUSPICIOUS_MOVE = YES;
				CLANG_WARN_UNGUARDED_AVAILABILITY = YES_AGGRESSIVE;
				CLANG_WARN_UNREACHABLE_CODE = YES;
				CLANG_WARN__DUPLICATE_METHOD_MATCH = YES;
				COPY_PHASE_STRIP = NO;
				DEBUG_INFORMATION_FORMAT = dwarf;
				ENABLE_STRICT_OBJC_MSGSEND = YES;
				ENABLE_TESTABILITY = YES;
				ENABLE_USER_SCRIPT_SANDBOXING = YES;
				GCC_C_LANGUAGE_STANDARD = gnu17;
				GCC_DYNAMIC_NO_PIC = NO;
				GCC_NO_COMMON_BLOCKS = YES;
				GCC_OPTIMIZATION_LEVEL = 0;
				GCC_PREPROCESSOR_DEFINITIONS = (
					"DEBUG=1",
					"$(inherited)",
				);
				GCC_WARN_64_TO_32_BIT_CONVERSION = YES;
				GCC_WARN_ABOUT_RETURN_TYPE = YES_ERROR;
				GCC_WARN_UNDECLARED_SELECTOR = YES;
				GCC_WARN_UNINITIALIZED_AUTOS = YES_AGGRESSIVE;
				GCC_WARN_UNUSED_FUNCTION = YES;
				GCC_WARN_UNUSED_VARIABLE = YES;
				LOCALIZATION_PREFERS_STRING_CATALOGS = YES;
				MACOSX_DEPLOYMENT_TARGET = 14.0;
				MTL_ENABLE_DEBUG_INFO = INCLUDE_SOURCE;
				MTL_FAST_MATH = YES;
				ONLY_ACTIVE_ARCH = YES;
				SDKROOT = macosx;
				SWIFT_ACTIVE_COMPILATION_CONDITIONS = "DEBUG $(inherited)";
				SWIFT_OPTIMIZATION_LEVEL = "-Onone";
			};
			name = Debug;
		};
		F9DE21572B1111C2007B1133 /* Release */ = {
			isa = XCBuildConfiguration;
			buildSettings = {
				ALWAYS_SEARCH_USER_PATHS = NO;
				ASSETCATALOG_COMPILER_GENERATE_SWIFT_ASSET_SYMBOL_EXTENSIONS = YES;
				CLANG_ANALYZER_NONNULL = YES;
				CLANG_ANALYZER_NUMBER_OBJECT_CONVERSION = YES_AGGRESSIVE;
				CLANG_CXX_LANGUAGE_STANDARD = "gnu++20";
				CLANG_ENABLE_MODULES = YES;
				CLANG_ENABLE_OBJC_ARC = YES;
				CLANG_ENABLE_OBJC_WEAK = YES;
				CLANG_WARN_BLOCK_CAPTURE_AUTORELEASING = YES;
				CLANG_WARN_BOOL_CONVERSION = YES;
				CLANG_WARN_COMMA = YES;
				CLANG_WARN_CONSTANT_CONVERSION = YES;
				CLANG_WARN_DEPRECATED_OBJC_IMPLEMENTATIONS = YES;
				CLANG_WARN_DIRECT_OBJC_ISA_USAGE = YES_ERROR;
				CLANG_WARN_DOCUMENTATION_COMMENTS = YES;
				CLANG_WARN_EMPTY_BODY = YES;
				CLANG_WARN_ENUM_CONVERSION = YES;
				CLANG_WARN_INFINITE_RECURSION = YES;
				CLANG_WARN_INT_CONVERSION = YES;
				CLANG_WARN_NON_LITERAL_NULL_CONVERSION = YES;
				CLANG_WARN_OBJC_IMPLICIT_RETAIN_SELF = YES;
				CLANG_WARN_OBJC_LITERAL_CONVERSION = YES;
				CLANG_WARN_OBJC_ROOT_CLASS = YES_ERROR;
				CLANG_WARN_QUOTED_INCLUDE_IN_FRAMEWORK_HEADER = YES;
				CLANG_WARN_RANGE_LOOP_ANALYSIS = YES;
				CLANG_WARN_STRICT_PROTOTYPES = YES;
				CLANG_WARN_SUSPICIOUS_MOVE = YES;
				CLANG_WARN_UNGUARDED_AVAILABILITY = YES_AGGRESSIVE;
				CLANG_WARN_UNREACHABLE_CODE = YES;
				CLANG_WARN__DUPLICATE_METHOD_MATCH = YES;
				COPY_PHASE_STRIP = NO;
				DEBUG_INFORMATION_FORMAT = "dwarf-with-dsym";
				ENABLE_NS_ASSERTIONS = NO;
				ENABLE_STRICT_OBJC_MSGSEND = YES;
				ENABLE_USER_SCRIPT_SANDBOXING = YES;
				GCC_C_LANGUAGE_STANDARD = gnu17;
				GCC_NO_COMMON_BLOCKS = YES;
				GCC_WARN_64_TO_32_BIT_CONVERSION = YES;
				GCC_WARN_ABOUT_RETURN_TYPE = YES_ERROR;
				GCC_WARN_UNDECLARED_SELECTOR = YES;
				GCC_WARN_UNINITIALIZED_AUTOS = YES_AGGRESSIVE;
				GCC_WARN_UNUSED_FUNCTION = YES;
				GCC_WARN_UNUSED_VARIABLE = YES;
				LOCALIZATION_PREFERS_STRING_CATALOGS = YES;
				MACOSX_DEPLOYMENT_TARGET = 14.0;
				MTL_ENABLE_DEBUG_INFO = NO;
				MTL_FAST_MATH = YES;
				SDKROOT = macosx;
				SWIFT_COMPILATION_MODE = wholemodule;
			};
			name = Release;
		};
		F9DE21592B1111C2007B1133 /* Debug */ = {
			isa = XCBuildConfiguration;
			buildSettings = {
				ASSETCATALOG_COMPILER_APPICON_NAME = AppIcon;
				ASSETCATALOG_COMPILER_GLOBAL_ACCENT_COLOR_NAME = AccentColor;
				CODE_SIGN_ENTITLEMENTS = Clipy/Clipy.entitlements;
				CODE_SIGN_STYLE = Automatic;
				COMBINE_HIDPI_IMAGES = YES;
				CURRENT_PROJECT_VERSION = 2;
				DEVELOPMENT_ASSET_PATHS = "\"Clipy/Preview Content\"";
				DEVELOPMENT_TEAM = 7XMT4G26NZ;
				ENABLE_PREVIEWS = YES;
				ENABLE_USER_SCRIPT_SANDBOXING = NO;
				GENERATE_INFOPLIST_FILE = YES;
				INFOPLIST_KEY_CFBundleDisplayName = Clipy;
				INFOPLIST_KEY_LSApplicationCategoryType = "public.app-category.utilities";
				INFOPLIST_KEY_LSUIElement = YES;
				INFOPLIST_KEY_NSHumanReadableCopyright = "";
				LD_RUNPATH_SEARCH_PATHS = (
					"$(inherited)",
					"@executable_path/../Frameworks",
				);
				MACOSX_DEPLOYMENT_TARGET = 13.0;
				MARKETING_VERSION = 0.2;
				PRODUCT_BUNDLE_IDENTIFIER = com.miraldesai.Clipy;
				PRODUCT_NAME = "$(TARGET_NAME)";
				SWIFT_EMIT_LOC_STRINGS = YES;
				SWIFT_VERSION = 5.0;
			};
			name = Debug;
		};
		F9DE215A2B1111C2007B1133 /* Release */ = {
			isa = XCBuildConfiguration;
			buildSettings = {
				ASSETCATALOG_COMPILER_APPICON_NAME = AppIcon;
				ASSETCATALOG_COMPILER_GLOBAL_ACCENT_COLOR_NAME = AccentColor;
				CODE_SIGN_ENTITLEMENTS = Clipy/Clipy.entitlements;
				"CODE_SIGN_IDENTITY[sdk=macosx*]" = "Apple Development";
				CODE_SIGN_STYLE = Automatic;
				COMBINE_HIDPI_IMAGES = YES;
				CURRENT_PROJECT_VERSION = 2;
				DEVELOPMENT_ASSET_PATHS = "\"Clipy/Preview Content\"";
				DEVELOPMENT_TEAM = 7XMT4G26NZ;
				ENABLE_PREVIEWS = YES;
				ENABLE_USER_SCRIPT_SANDBOXING = NO;
				GENERATE_INFOPLIST_FILE = YES;
				INFOPLIST_KEY_CFBundleDisplayName = Clipy;
				INFOPLIST_KEY_LSApplicationCategoryType = "public.app-category.utilities";
				INFOPLIST_KEY_LSUIElement = YES;
				INFOPLIST_KEY_NSHumanReadableCopyright = "";
				LD_RUNPATH_SEARCH_PATHS = (
					"$(inherited)",
					"@executable_path/../Frameworks",
				);
				MACOSX_DEPLOYMENT_TARGET = 13.0;
				MARKETING_VERSION = 0.2;
				PRODUCT_BUNDLE_IDENTIFIER = com.miraldesai.Clipy;
				PRODUCT_NAME = "$(TARGET_NAME)";
				SWIFT_EMIT_LOC_STRINGS = YES;
				SWIFT_VERSION = 5.0;
			};
			name = Release;
		};
		F9DE215C2B1111C2007B1133 /* Debug */ = {
			isa = XCBuildConfiguration;
			buildSettings = {
				ALWAYS_EMBED_SWIFT_STANDARD_LIBRARIES = YES;
				BUNDLE_LOADER = "$(TEST_HOST)";
				CODE_SIGN_STYLE = Automatic;
				CURRENT_PROJECT_VERSION = 1;
				GENERATE_INFOPLIST_FILE = YES;
				MACOSX_DEPLOYMENT_TARGET = 14.0;
				MARKETING_VERSION = 1.0;
				PRODUCT_BUNDLE_IDENTIFIER = com.miraldesai.ClipyTests;
				PRODUCT_NAME = "$(TARGET_NAME)";
				SWIFT_EMIT_LOC_STRINGS = NO;
				SWIFT_VERSION = 5.0;
				TEST_HOST = "$(BUILT_PRODUCTS_DIR)/Clipy.app/$(BUNDLE_EXECUTABLE_FOLDER_PATH)/Clipy";
			};
			name = Debug;
		};
		F9DE215D2B1111C2007B1133 /* Release */ = {
			isa = XCBuildConfiguration;
			buildSettings = {
				ALWAYS_EMBED_SWIFT_STANDARD_LIBRARIES = YES;
				BUNDLE_LOADER = "$(TEST_HOST)";
				CODE_SIGN_STYLE = Automatic;
				CURRENT_PROJECT_VERSION = 1;
				GENERATE_INFOPLIST_FILE = YES;
				MACOSX_DEPLOYMENT_TARGET = 14.0;
				MARKETING_VERSION = 1.0;
				PRODUCT_BUNDLE_IDENTIFIER = com.miraldesai.ClipyTests;
				PRODUCT_NAME = "$(TARGET_NAME)";
				SWIFT_EMIT_LOC_STRINGS = NO;
				SWIFT_VERSION = 5.0;
				TEST_HOST = "$(BUILT_PRODUCTS_DIR)/Clipy.app/$(BUNDLE_EXECUTABLE_FOLDER_PATH)/Clipy";
			};
			name = Release;
		};
		F9DE215F2B1111C2007B1133 /* Debug */ = {
			isa = XCBuildConfiguration;
			buildSettings = {
				ALWAYS_EMBED_SWIFT_STANDARD_LIBRARIES = YES;
				CODE_SIGN_STYLE = Automatic;
				CURRENT_PROJECT_VERSION = 1;
				GENERATE_INFOPLIST_FILE = YES;
				MARKETING_VERSION = 1.0;
				PRODUCT_BUNDLE_IDENTIFIER = com.miraldesai.ClipyUITests;
				PRODUCT_NAME = "$(TARGET_NAME)";
				SWIFT_EMIT_LOC_STRINGS = NO;
				SWIFT_VERSION = 5.0;
				TEST_TARGET_NAME = Clipy;
			};
			name = Debug;
		};
		F9DE21602B1111C2007B1133 /* Release */ = {
			isa = XCBuildConfiguration;
			buildSettings = {
				ALWAYS_EMBED_SWIFT_STANDARD_LIBRARIES = YES;
				CODE_SIGN_STYLE = Automatic;
				CURRENT_PROJECT_VERSION = 1;
				GENERATE_INFOPLIST_FILE = YES;
				MARKETING_VERSION = 1.0;
				PRODUCT_BUNDLE_IDENTIFIER = com.miraldesai.ClipyUITests;
				PRODUCT_NAME = "$(TARGET_NAME)";
				SWIFT_EMIT_LOC_STRINGS = NO;
				SWIFT_VERSION = 5.0;
				TEST_TARGET_NAME = Clipy;
			};
			name = Release;
		};
/* End XCBuildConfiguration section */

/* Begin XCConfigurationList section */
		F9DE212E2B1111C1007B1133 /* Build configuration list for PBXProject "Clipy" */ = {
			isa = XCConfigurationList;
			buildConfigurations = (
				F9DE21562B1111C2007B1133 /* Debug */,
				F9DE21572B1111C2007B1133 /* Release */,
			);
			defaultConfigurationIsVisible = 0;
			defaultConfigurationName = Release;
		};
		F9DE21582B1111C2007B1133 /* Build configuration list for PBXNativeTarget "Clipy" */ = {
			isa = XCConfigurationList;
			buildConfigurations = (
				F9DE21592B1111C2007B1133 /* Debug */,
				F9DE215A2B1111C2007B1133 /* Release */,
			);
			defaultConfigurationIsVisible = 0;
			defaultConfigurationName = Release;
		};
		F9DE215B2B1111C2007B1133 /* Build configuration list for PBXNativeTarget "ClipyTests" */ = {
			isa = XCConfigurationList;
			buildConfigurations = (
				F9DE215C2B1111C2007B1133 /* Debug */,
				F9DE215D2B1111C2007B1133 /* Release */,
			);
			defaultConfigurationIsVisible = 0;
			defaultConfigurationName = Release;
		};
		F9DE215E2B1111C2007B1133 /* Build configuration list for PBXNativeTarget "ClipyUITests" */ = {
			isa = XCConfigurationList;
			buildConfigurations = (
				F9DE215F2B1111C2007B1133 /* Debug */,
				F9DE21602B1111C2007B1133 /* Release */,
			);
			defaultConfigurationIsVisible = 0;
			defaultConfigurationName = Release;
		};
/* End XCConfigurationList section */

/* Begin XCRemoteSwiftPackageReference section */
		F9608C532B67166400FFC2E9 /* XCRemoteSwiftPackageReference "LaunchAtLogin-Modern" */ = {
			isa = XCRemoteSwiftPackageReference;
			repositoryURL = "https://github.com/sindresorhus/LaunchAtLogin-Modern";
			requirement = {
				kind = upToNextMajorVersion;
				minimumVersion = 1.0.0;
			};
		};
		F9D8E01C2B153BBF005CEEDD /* XCRemoteSwiftPackageReference "realm-swift" */ = {
			isa = XCRemoteSwiftPackageReference;
			repositoryURL = "https://github.com/realm/realm-swift.git";
			requirement = {
				kind = upToNextMajorVersion;
				minimumVersion = 10.44.0;
			};
		};
		F9DDD8622B48CF5000739BF8 /* XCRemoteSwiftPackageReference "KeyboardShortcuts" */ = {
			isa = XCRemoteSwiftPackageReference;
			repositoryURL = "https://github.com/sindresorhus/KeyboardShortcuts";
			requirement = {
				kind = upToNextMajorVersion;
				minimumVersion = 1.16.1;
			};
		};
		F9DDD86D2B53047900739BF8 /* XCRemoteSwiftPackageReference "Sauce" */ = {
			isa = XCRemoteSwiftPackageReference;
			repositoryURL = "https://github.com/Clipy/Sauce/";
			requirement = {
				kind = upToNextMajorVersion;
				minimumVersion = 2.4.0;
			};
		};
/* End XCRemoteSwiftPackageReference section */

/* Begin XCSwiftPackageProductDependency section */
		F9608C542B67166400FFC2E9 /* LaunchAtLogin */ = {
			isa = XCSwiftPackageProductDependency;
			package = F9608C532B67166400FFC2E9 /* XCRemoteSwiftPackageReference "LaunchAtLogin-Modern" */;
			productName = LaunchAtLogin;
		};
		F9D8E01D2B153BBF005CEEDD /* Realm */ = {
			isa = XCSwiftPackageProductDependency;
			package = F9D8E01C2B153BBF005CEEDD /* XCRemoteSwiftPackageReference "realm-swift" */;
			productName = Realm;
		};
		F9D8E01F2B153BBF005CEEDD /* RealmSwift */ = {
			isa = XCSwiftPackageProductDependency;
			package = F9D8E01C2B153BBF005CEEDD /* XCRemoteSwiftPackageReference "realm-swift" */;
			productName = RealmSwift;
		};
		F9DDD8632B48CF5000739BF8 /* KeyboardShortcuts */ = {
			isa = XCSwiftPackageProductDependency;
			package = F9DDD8622B48CF5000739BF8 /* XCRemoteSwiftPackageReference "KeyboardShortcuts" */;
			productName = KeyboardShortcuts;
		};
		F9DDD86E2B53047900739BF8 /* Sauce */ = {
			isa = XCSwiftPackageProductDependency;
			package = F9DDD86D2B53047900739BF8 /* XCRemoteSwiftPackageReference "Sauce" */;
			productName = Sauce;
		};
/* End XCSwiftPackageProductDependency section */
	};
	rootObject = F9DE212B2B1111C1007B1133 /* Project object */;
}
